
Microsoft Visual Studio Solution File, Format Version 10.00
# Visual Studio 2008
Project("{FAE04EC0-301F-11D3-BF4B-00C04F79EFBC}") = "GapiDrawNet", "GapiDrawNet\GapiDrawNet.csproj", "{E0E9D46A-6963-4880-96CC-DF3654C43AA4}"
EndProject
Project("{FAE04EC0-301F-11D3-BF4B-00C04F79EFBC}") = "HelloWorld", "Samples\HelloWorld\HelloWorld.csproj", "{D57BE0CC-4B6E-4BE8-8B30-FEB48730038C}"
EndProject
Project("{FAE04EC0-301F-11D3-BF4B-00C04F79EFBC}") = "HelloWorld.Desktop", "Samples\HelloWorld.Desktop\HelloWorld.Desktop.csproj", "{A3B66F92-7619-482E-8D60-EE1EEF3F3F5F}"
EndProject
Global
	GlobalSection(SolutionConfigurationPlatforms) = preSolution
		Debug|Any CPU = Debug|Any CPU
		Release|Any CPU = Release|Any CPU
	EndGlobalSection
	GlobalSection(ProjectConfigurationPlatforms) = postSolution
		{E0E9D46A-6963-4880-96CC-DF3654C43AA4}.Debug|Any CPU.ActiveCfg = Debug|Any CPU
		{E0E9D46A-6963-4880-96CC-DF3654C43AA4}.Debug|Any CPU.Build.0 = Debug|Any CPU
		{E0E9D46A-6963-4880-96CC-DF3654C43AA4}.Release|Any CPU.ActiveCfg = Release|Any CPU
		{E0E9D46A-6963-4880-96CC-DF3654C43AA4}.Release|Any CPU.Build.0 = Release|Any CPU
		{D57BE0CC-4B6E-4BE8-8B30-FEB48730038C}.Debug|Any CPU.ActiveCfg = Debug|Any CPU
		{D57BE0CC-4B6E-4BE8-8B30-FEB48730038C}.Debug|Any CPU.Build.0 = Debug|Any CPU
		{D57BE0CC-4B6E-4BE8-8B30-FEB48730038C}.Debug|Any CPU.Deploy.0 = Debug|Any CPU
		{D57BE0CC-4B6E-4BE8-8B30-FEB48730038C}.Release|Any CPU.ActiveCfg = Release|Any CPU
		{D57BE0CC-4B6E-4BE8-8B30-FEB48730038C}.Release|Any CPU.Build.0 = Release|Any CPU
		{D57BE0CC-4B6E-4BE8-8B30-FEB48730038C}.Release|Any CPU.Deploy.0 = Release|Any CPU
		{A3B66F92-7619-482E-8D60-EE1EEF3F3F5F}.Debug|Any CPU.ActiveCfg = Debug|Any CPU
		{A3B66F92-7619-482E-8D60-EE1EEF3F3F5F}.Debug|Any CPU.Build.0 = Debug|Any CPU
		{A3B66F92-7619-482E-8D60-EE1EEF3F3F5F}.Release|Any CPU.ActiveCfg = Release|Any CPU
		{A3B66F92-7619-482E-8D60-EE1EEF3F3F5F}.Release|Any CPU.Build.0 = Release|Any CPU
	EndGlobalSection
	GlobalSection(SolutionProperties) = preSolution
		HideSolutionNode = FALSE
	EndGlobalSection
EndGlobal
